// !$*UTF8*$!
{
	archiveVersion = 1;
	classes = {
	};
	objectVersion = 56;
	objects = {

/* Begin PBXBuildFile section */
		B103D8192C542BE6000FA048 /* ShoppingApp.swift in Sources */ = {isa = PBXBuildFile; fileRef = B103D8182C542BE6000FA048 /* ShoppingApp.swift */; };
		B103D81B2C542BE6000FA048 /* ContentView.swift in Sources */ = {isa = PBXBuildFile; fileRef = B103D81A2C542BE6000FA048 /* ContentView.swift */; };
		B103D81D2C542BE7000FA048 /* Assets.xcassets in Resources */ = {isa = PBXBuildFile; fileRef = B103D81C2C542BE7000FA048 /* Assets.xcassets */; };
		B103D8202C542BE7000FA048 /* Preview Assets.xcassets in Resources */ = {isa = PBXBuildFile; fileRef = B103D81F2C542BE7000FA048 /* Preview Assets.xcassets */; };
		B103D82A2C542BE7000FA048 /* ShoppingTests.swift in Sources */ = {isa = PBXBuildFile; fileRef = B103D8292C542BE7000FA048 /* ShoppingTests.swift */; };
		B103D8342C542BE7000FA048 /* ShoppingUITests.swift in Sources */ = {isa = PBXBuildFile; fileRef = B103D8332C542BE7000FA048 /* ShoppingUITests.swift */; };
		B103D8362C542BE7000FA048 /* ShoppingUITestsLaunchTests.swift in Sources */ = {isa = PBXBuildFile; fileRef = B103D8352C542BE7000FA048 /* ShoppingUITestsLaunchTests.swift */; };
/* End PBXBuildFile section */

/* Begin PBXContainerItemProxy section */
		B103D8262C542BE7000FA048 /* PBXContainerItemProxy */ = {
			isa = PBXContainerItemProxy;
			containerPortal = B103D80D2C542BE6000FA048 /* Project object */;
			proxyType = 1;
			remoteGlobalIDString = B103D8142C542BE6000FA048;
			remoteInfo = Shopping;
		};
		B103D8302C542BE7000FA048 /* PBXContainerItemProxy */ = {
			isa = PBXContainerItemProxy;
			containerPortal = B103D80D2C542BE6000FA048 /* Project object */;
			proxyType = 1;
			remoteGlobalIDString = B103D8142C542BE6000FA048;
			remoteInfo = Shopping;
		};
/* End PBXContainerItemProxy section */

/* Begin PBXFileReference section */
		B103D8152C542BE6000FA048 /* Shopping.app */ = {isa = PBXFileReference; explicitFileType = wrapper.application; includeInIndex = 0; path = Shopping.app; sourceTree = BUILT_PRODUCTS_DIR; };
		B103D8182C542BE6000FA048 /* ShoppingApp.swift */ = {isa = PBXFileReference; lastKnownFileType = sourcecode.swift; path = ShoppingApp.swift; sourceTree = "<group>"; };
		B103D81A2C542BE6000FA048 /* ContentView.swift */ = {isa = PBXFileReference; lastKnownFileType = sourcecode.swift; path = ContentView.swift; sourceTree = "<group>"; };
		B103D81C2C542BE7000FA048 /* Assets.xcassets */ = {isa = PBXFileReference; lastKnownFileType = folder.assetcatalog; path = Assets.xcassets; sourceTree = "<group>"; };
		B103D81F2C542BE7000FA048 /* Preview Assets.xcassets */ = {isa = PBXFileReference; lastKnownFileType = folder.assetcatalog; path = "Preview Assets.xcassets"; sourceTree = "<group>"; };
		B103D8252C542BE7000FA048 /* ShoppingTests.xctest */ = {isa = PBXFileReference; explicitFileType = wrapper.cfbundle; includeInIndex = 0; path = ShoppingTests.xctest; sourceTree = BUILT_PRODUCTS_DIR; };
		B103D8292C542BE7000FA048 /* ShoppingTests.swift */ = {isa = PBXFileReference; lastKnownFileType = sourcecode.swift; path = ShoppingTests.swift; sourceTree = "<group>"; };
		B103D82F2C542BE7000FA048 /* ShoppingUITests.xctest */ = {isa = PBXFileReference; explicitFileType = wrapper.cfbundle; includeInIndex = 0; path = ShoppingUITests.xctest; sourceTree = BUILT_PRODUCTS_DIR; };
		B103D8332C542BE7000FA048 /* ShoppingUITests.swift */ = {isa = PBXFileReference; lastKnownFileType = sourcecode.swift; path = ShoppingUITests.swift; sourceTree = "<group>"; };
		B103D8352C542BE7000FA048 /* ShoppingUITestsLaunchTests.swift */ = {isa = PBXFileReference; lastKnownFileType = sourcecode.swift; path = ShoppingUITestsLaunchTests.swift; sourceTree = "<group>"; };
		B197C7632C5436CD00548C7A /* DummyAPI */ = {isa = PBXFileReference; lastKnownFileType = wrapper; path = DummyAPI; sourceTree = "<group>"; };
/* End PBXFileReference section */

/* Begin PBXFrameworksBuildPhase section */
		B103D8122C542BE6000FA048 /* Frameworks */ = {
			isa = PBXFrameworksBuildPhase;
			buildActionMask = 2147483647;
			files = (
			);
			runOnlyForDeploymentPostprocessing = 0;
		};
		B103D8222C542BE7000FA048 /* Frameworks */ = {
			isa = PBXFrameworksBuildPhase;
			buildActionMask = 2147483647;
			files = (
			);
			runOnlyForDeploymentPostprocessing = 0;
		};
		B103D82C2C542BE7000FA048 /* Frameworks */ = {
			isa = PBXFrameworksBuildPhase;
			buildActionMask = 2147483647;
			files = (
			);
			runOnlyForDeploymentPostprocessing = 0;
		};
/* End PBXFrameworksBuildPhase section */

/* Begin PBXGroup section */
		B103D80C2C542BE6000FA048 = {
			isa = PBXGroup;
			children = (
				B197C7632C5436CD00548C7A /* DummyAPI */,
				B103D8172C542BE6000FA048 /* Shopping */,
				B103D8282C542BE7000FA048 /* ShoppingTests */,
				B103D8322C542BE7000FA048 /* ShoppingUITests */,
				B103D8162C542BE6000FA048 /* Products */,
			);
			sourceTree = "<group>";
		};
		B103D8162C542BE6000FA048 /* Products */ = {
			isa = PBXGroup;
			children = (
				B103D8152C542BE6000FA048 /* Shopping.app */,
				B103D8252C542BE7000FA048 /* ShoppingTests.xctest */,
				B103D82F2C542BE7000FA048 /* ShoppingUITests.xctest */,
			);
			name = Products;
			sourceTree = "<group>";
		};
		B103D8172C542BE6000FA048 /* Shopping */ = {
			isa = PBXGroup;
			children = (
				B103D8422C542BF5000FA048 /* App */,
				B103D8442C542C0F000FA048 /* Resources */,
				B197C7642C543C8300548C7A /* Extensions */,
				B103D8432C542C04000FA048 /* Core */,
				B103D81E2C542BE7000FA048 /* Preview Content */,
			);
			path = Shopping;
			sourceTree = "<group>";
		};
		B103D81E2C542BE7000FA048 /* Preview Content */ = {
			isa = PBXGroup;
			children = (
				B103D81F2C542BE7000FA048 /* Preview Assets.xcassets */,
			);
			path = "Preview Content";
			sourceTree = "<group>";
		};
		B103D8282C542BE7000FA048 /* ShoppingTests */ = {
			isa = PBXGroup;
			children = (
				B103D8292C542BE7000FA048 /* ShoppingTests.swift */,
			);
			path = ShoppingTests;
			sourceTree = "<group>";
		};
		B103D8322C542BE7000FA048 /* ShoppingUITests */ = {
			isa = PBXGroup;
			children = (
				B103D8332C542BE7000FA048 /* ShoppingUITests.swift */,
				B103D8352C542BE7000FA048 /* ShoppingUITestsLaunchTests.swift */,
			);
			path = ShoppingUITests;
			sourceTree = "<group>";
		};
		B103D8422C542BF5000FA048 /* App */ = {
			isa = PBXGroup;
			children = (
				B103D8182C542BE6000FA048 /* ShoppingApp.swift */,
			);
			path = App;
			sourceTree = "<group>";
		};
		B103D8432C542C04000FA048 /* Core */ = {
			isa = PBXGroup;
			children = (
				B103D81A2C542BE6000FA048 /* ContentView.swift */,
			);
			path = Core;
			sourceTree = "<group>";
		};
		B103D8442C542C0F000FA048 /* Resources */ = {
			isa = PBXGroup;
			children = (
				B103D81C2C542BE7000FA048 /* Assets.xcassets */,
			);
			path = Resources;
			sourceTree = "<group>";
		};
		B197C7642C543C8300548C7A /* Extensions */ = {
			isa = PBXGroup;
			children = (
			);
			path = Extensions;
			sourceTree = "<group>";
		};
/* End PBXGroup section */

/* Begin PBXNativeTarget section */
		B103D8142C542BE6000FA048 /* Shopping */ = {
			isa = PBXNativeTarget;
			buildConfigurationList = B103D8392C542BE7000FA048 /* Build configuration list for PBXNativeTarget "Shopping" */;
			buildPhases = (
				B103D8112C542BE6000FA048 /* Sources */,
				B103D8122C542BE6000FA048 /* Frameworks */,
				B103D8132C542BE6000FA048 /* Resources */,
			);
			buildRules = (
			);
			dependencies = (
			);
			name = Shopping;
			packageProductDependencies = (
			);
			productName = Shopping;
			productReference = B103D8152C542BE6000FA048 /* Shopping.app */;
			productType = "com.apple.product-type.application";
		};
		B103D8242C542BE7000FA048 /* ShoppingTests */ = {
			isa = PBXNativeTarget;
			buildConfigurationList = B103D83C2C542BE7000FA048 /* Build configuration list for PBXNativeTarget "ShoppingTests" */;
			buildPhases = (
				B103D8212C542BE7000FA048 /* Sources */,
				B103D8222C542BE7000FA048 /* Frameworks */,
				B103D8232C542BE7000FA048 /* Resources */,
			);
			buildRules = (
			);
			dependencies = (
				B103D8272C542BE7000FA048 /* PBXTargetDependency */,
			);
			name = ShoppingTests;
			productName = ShoppingTests;
			productReference = B103D8252C542BE7000FA048 /* ShoppingTests.xctest */;
			productType = "com.apple.product-type.bundle.unit-test";
		};
		B103D82E2C542BE7000FA048 /* ShoppingUITests */ = {
			isa = PBXNativeTarget;
			buildConfigurationList = B103D83F2C542BE7000FA048 /* Build configuration list for PBXNativeTarget "ShoppingUITests" */;
			buildPhases = (
				B103D82B2C542BE7000FA048 /* Sources */,
				B103D82C2C542BE7000FA048 /* Frameworks */,
				B103D82D2C542BE7000FA048 /* Resources */,
			);
			buildRules = (
			);
			dependencies = (
				B103D8312C542BE7000FA048 /* PBXTargetDependency */,
			);
			name = ShoppingUITests;
			productName = ShoppingUITests;
			productReference = B103D82F2C542BE7000FA048 /* ShoppingUITests.xctest */;
			productType = "com.apple.product-type.bundle.ui-testing";
		};
/* End PBXNativeTarget section */

/* Begin PBXProject section */
		B103D80D2C542BE6000FA048 /* Project object */ = {
			isa = PBXProject;
			attributes = {
				BuildIndependentTargetsInParallel = 1;
				LastSwiftUpdateCheck = 1540;
				LastUpgradeCheck = 1540;
				TargetAttributes = {
					B103D8142C542BE6000FA048 = {
						CreatedOnToolsVersion = 15.4;
					};
					B103D8242C542BE7000FA048 = {
						CreatedOnToolsVersion = 15.4;
						TestTargetID = B103D8142C542BE6000FA048;
					};
					B103D82E2C542BE7000FA048 = {
						CreatedOnToolsVersion = 15.4;
						TestTargetID = B103D8142C542BE6000FA048;
					};
				};
			};
			buildConfigurationList = B103D8102C542BE6000FA048 /* Build configuration list for PBXProject "Shopping" */;
			compatibilityVersion = "Xcode 14.0";
			developmentRegion = en;
			hasScannedForEncodings = 0;
			knownRegions = (
				en,
				Base,
			);
			mainGroup = B103D80C2C542BE6000FA048;
			packageReferences = (
			);
			productRefGroup = B103D8162C542BE6000FA048 /* Products */;
			projectDirPath = "";
			projectRoot = "";
			targets = (
				B103D8142C542BE6000FA048 /* Shopping */,
				B103D8242C542BE7000FA048 /* ShoppingTests */,
				B103D82E2C542BE7000FA048 /* ShoppingUITests */,
			);
		};
/* End PBXProject section */

/* Begin PBXResourcesBuildPhase section */
		B103D8132C542BE6000FA048 /* Resources */ = {
			isa = PBXResourcesBuildPhase;
			buildActionMask = 2147483647;
			files = (
				B103D8202C542BE7000FA048 /* Preview Assets.xcassets in Resources */,
				B103D81D2C542BE7000FA048 /* Assets.xcassets in Resources */,
			);
			runOnlyForDeploymentPostprocessing = 0;
		};
		B103D8232C542BE7000FA048 /* Resources */ = {
			isa = PBXResourcesBuildPhase;
			buildActionMask = 2147483647;
			files = (
			);
			runOnlyForDeploymentPostprocessing = 0;
		};
		B103D82D2C542BE7000FA048 /* Resources */ = {
			isa = PBXResourcesBuildPhase;
			buildActionMask = 2147483647;
			files = (
			);
			runOnlyForDeploymentPostprocessing = 0;
		};
/* End PBXResourcesBuildPhase section */

/* Begin PBXSourcesBuildPhase section */
		B103D8112C542BE6000FA048 /* Sources */ = {
			isa = PBXSourcesBuildPhase;
			buildActionMask = 2147483647;
			files = (
				B103D81B2C542BE6000FA048 /* ContentView.swift in Sources */,
				B103D8192C542BE6000FA048 /* ShoppingApp.swift in Sources */,
			);
			runOnlyForDeploymentPostprocessing = 0;
		};
		B103D8212C542BE7000FA048 /* Sources */ = {
			isa = PBXSourcesBuildPhase;
			buildActionMask = 2147483647;
			files = (
				B103D82A2C542BE7000FA048 /* ShoppingTests.swift in Sources */,
			);
			runOnlyForDeploymentPostprocessing = 0;
		};
		B103D82B2C542BE7000FA048 /* Sources */ = {
			isa = PBXSourcesBuildPhase;
			buildActionMask = 2147483647;
			files = (
				B103D8362C542BE7000FA048 /* ShoppingUITestsLaunchTests.swift in Sources */,
				B103D8342C542BE7000FA048 /* ShoppingUITests.swift in Sources */,
			);
			runOnlyForDeploymentPostprocessing = 0;
		};
/* End PBXSourcesBuildPhase section */

/* Begin PBXTargetDependency section */
		B103D8272C542BE7000FA048 /* PBXTargetDependency */ = {
			isa = PBXTargetDependency;
			target = B103D8142C542BE6000FA048 /* Shopping */;
			targetProxy = B103D8262C542BE7000FA048 /* PBXContainerItemProxy */;
		};
		B103D8312C542BE7000FA048 /* PBXTargetDependency */ = {
			isa = PBXTargetDependency;
			target = B103D8142C542BE6000FA048 /* Shopping */;
			targetProxy = B103D8302C542BE7000FA048 /* PBXContainerItemProxy */;
		};
/* End PBXTargetDependency section */

/* Begin XCBuildConfiguration section */
		B103D8372C542BE7000FA048 /* Debug */ = {
			isa = XCBuildConfiguration;
			buildSettings = {
				ALWAYS_SEARCH_USER_PATHS = NO;
				ASSETCATALOG_COMPILER_GENERATE_SWIFT_ASSET_SYMBOL_EXTENSIONS = YES;
				CLANG_ANALYZER_NONNULL = YES;
				CLANG_ANALYZER_NUMBER_OBJECT_CONVERSION = YES_AGGRESSIVE;
				CLANG_CXX_LANGUAGE_STANDARD = "gnu++20";
				CLANG_ENABLE_MODULES = YES;
				CLANG_ENABLE_OBJC_ARC = YES;
				CLANG_ENABLE_OBJC_WEAK = YES;
				CLANG_WARN_BLOCK_CAPTURE_AUTORELEASING = YES;
				CLANG_WARN_BOOL_CONVERSION = YES;
				CLANG_WARN_COMMA = YES;
				CLANG_WARN_CONSTANT_CONVERSION = YES;
				CLANG_WARN_DEPRECATED_OBJC_IMPLEMENTATIONS = YES;
				CLANG_WARN_DIRECT_OBJC_ISA_USAGE = YES_ERROR;
				CLANG_WARN_DOCUMENTATION_COMMENTS = YES;
				CLANG_WARN_EMPTY_BODY = YES;
				CLANG_WARN_ENUM_CONVERSION = YES;
				CLANG_WARN_INFINITE_RECURSION = YES;
				CLANG_WARN_INT_CONVERSION = YES;
				CLANG_WARN_NON_LITERAL_NULL_CONVERSION = YES;
				CLANG_WARN_OBJC_IMPLICIT_RETAIN_SELF = YES;
				CLANG_WARN_OBJC_LITERAL_CONVERSION = YES;
				CLANG_WARN_OBJC_ROOT_CLASS = YES_ERROR;
				CLANG_WARN_QUOTED_INCLUDE_IN_FRAMEWORK_HEADER = YES;
				CLANG_WARN_RANGE_LOOP_ANALYSIS = YES;
				CLANG_WARN_STRICT_PROTOTYPES = YES;
				CLANG_WARN_SUSPICIOUS_MOVE = YES;
				CLANG_WARN_UNGUARDED_AVAILABILITY = YES_AGGRESSIVE;
				CLANG_WARN_UNREACHABLE_CODE = YES;
				CLANG_WARN__DUPLICATE_METHOD_MATCH = YES;
				COPY_PHASE_STRIP = NO;
				DEBUG_INFORMATION_FORMAT = dwarf;
				ENABLE_STRICT_OBJC_MSGSEND = YES;
				ENABLE_TESTABILITY = YES;
				ENABLE_USER_SCRIPT_SANDBOXING = YES;
				GCC_C_LANGUAGE_STANDARD = gnu17;
				GCC_DYNAMIC_NO_PIC = NO;
				GCC_NO_COMMON_BLOCKS = YES;
				GCC_OPTIMIZATION_LEVEL = 0;
				GCC_PREPROCESSOR_DEFINITIONS = (
					"DEBUG=1",
					"$(inherited)",
				);
				GCC_WARN_64_TO_32_BIT_CONVERSION = YES;
				GCC_WARN_ABOUT_RETURN_TYPE = YES_ERROR;
				GCC_WARN_UNDECLARED_SELECTOR = YES;
				GCC_WARN_UNINITIALIZED_AUTOS = YES_AGGRESSIVE;
				GCC_WARN_UNUSED_FUNCTION = YES;
				GCC_WARN_UNUSED_VARIABLE = YES;
				IPHONEOS_DEPLOYMENT_TARGET = 17.5;
				LOCALIZATION_PREFERS_STRING_CATALOGS = YES;
				MTL_ENABLE_DEBUG_INFO = INCLUDE_SOURCE;
				MTL_FAST_MATH = YES;
				ONLY_ACTIVE_ARCH = YES;
				SDKROOT = iphoneos;
				SWIFT_ACTIVE_COMPILATION_CONDITIONS = "DEBUG $(inherited)";
				SWIFT_OPTIMIZATION_LEVEL = "-Onone";
			};
			name = Debug;
		};
		B103D8382C542BE7000FA048 /* Release */ = {
			isa = XCBuildConfiguration;
			buildSettings = {
				ALWAYS_SEARCH_USER_PATHS = NO;
				ASSETCATALOG_COMPILER_GENERATE_SWIFT_ASSET_SYMBOL_EXTENSIONS = YES;
				CLANG_ANALYZER_NONNULL = YES;
				CLANG_ANALYZER_NUMBER_OBJECT_CONVERSION = YES_AGGRESSIVE;
				CLANG_CXX_LANGUAGE_STANDARD = "gnu++20";
				CLANG_ENABLE_MODULES = YES;
				CLANG_ENABLE_OBJC_ARC = YES;
				CLANG_ENABLE_OBJC_WEAK = YES;
				CLANG_WARN_BLOCK_CAPTURE_AUTORELEASING = YES;
				CLANG_WARN_BOOL_CONVERSION = YES;
				CLANG_WARN_COMMA = YES;
				CLANG_WARN_CONSTANT_CONVERSION = YES;
				CLANG_WARN_DEPRECATED_OBJC_IMPLEMENTATIONS = YES;
				CLANG_WARN_DIRECT_OBJC_ISA_USAGE = YES_ERROR;
				CLANG_WARN_DOCUMENTATION_COMMENTS = YES;
				CLANG_WARN_EMPTY_BODY = YES;
				CLANG_WARN_ENUM_CONVERSION = YES;
				CLANG_WARN_INFINITE_RECURSION = YES;
				CLANG_WARN_INT_CONVERSION = YES;
				CLANG_WARN_NON_LITERAL_NULL_CONVERSION = YES;
				CLANG_WARN_OBJC_IMPLICIT_RETAIN_SELF = YES;
				CLANG_WARN_OBJC_LITERAL_CONVERSION = YES;
				CLANG_WARN_OBJC_ROOT_CLASS = YES_ERROR;
				CLANG_WARN_QUOTED_INCLUDE_IN_FRAMEWORK_HEADER = YES;
				CLANG_WARN_RANGE_LOOP_ANALYSIS = YES;
				CLANG_WARN_STRICT_PROTOTYPES = YES;
				CLANG_WARN_SUSPICIOUS_MOVE = YES;
				CLANG_WARN_UNGUARDED_AVAILABILITY = YES_AGGRESSIVE;
				CLANG_WARN_UNREACHABLE_CODE = YES;
				CLANG_WARN__DUPLICATE_METHOD_MATCH = YES;
				COPY_PHASE_STRIP = NO;
				DEBUG_INFORMATION_FORMAT = "dwarf-with-dsym";
				ENABLE_NS_ASSERTIONS = NO;
				ENABLE_STRICT_OBJC_MSGSEND = YES;
				ENABLE_USER_SCRIPT_SANDBOXING = YES;
				GCC_C_LANGUAGE_STANDARD = gnu17;
				GCC_NO_COMMON_BLOCKS = YES;
				GCC_WARN_64_TO_32_BIT_CONVERSION = YES;
				GCC_WARN_ABOUT_RETURN_TYPE = YES_ERROR;
				GCC_WARN_UNDECLARED_SELECTOR = YES;
				GCC_WARN_UNINITIALIZED_AUTOS = YES_AGGRESSIVE;
				GCC_WARN_UNUSED_FUNCTION = YES;
				GCC_WARN_UNUSED_VARIABLE = YES;
				IPHONEOS_DEPLOYMENT_TARGET = 17.5;
				LOCALIZATION_PREFERS_STRING_CATALOGS = YES;
				MTL_ENABLE_DEBUG_INFO = NO;
				MTL_FAST_MATH = YES;
				SDKROOT = iphoneos;
				SWIFT_COMPILATION_MODE = wholemodule;
				VALIDATE_PRODUCT = YES;
			};
			name = Release;
		};
		B103D83A2C542BE7000FA048 /* Debug */ = {
			isa = XCBuildConfiguration;
			buildSettings = {
				ASSETCATALOG_COMPILER_APPICON_NAME = AppIcon;
				ASSETCATALOG_COMPILER_GLOBAL_ACCENT_COLOR_NAME = AccentColor;
				CODE_SIGN_STYLE = Automatic;
				CURRENT_PROJECT_VERSION = 1;
				DEVELOPMENT_ASSET_PATHS = "\"Shopping/Preview Content\"";
				DEVELOPMENT_TEAM = QQ4V82589Y;
				ENABLE_PREVIEWS = YES;
				GENERATE_INFOPLIST_FILE = YES;
				INFOPLIST_KEY_UIApplicationSceneManifest_Generation = YES;
				INFOPLIST_KEY_UIApplicationSupportsIndirectInputEvents = YES;
				INFOPLIST_KEY_UILaunchScreen_Generation = YES;
				INFOPLIST_KEY_UISupportedInterfaceOrientations_iPad = "UIInterfaceOrientationPortrait UIInterfaceOrientationPortraitUpsideDown UIInterfaceOrientationLandscapeLeft UIInterfaceOrientationLandscapeRight";
				INFOPLIST_KEY_UISupportedInterfaceOrientations_iPhone = "UIInterfaceOrientationPortrait UIInterfaceOrientationLandscapeLeft UIInterfaceOrientationLandscapeRight";
				IPHONEOS_DEPLOYMENT_TARGET = 16.0;
				LD_RUNPATH_SEARCH_PATHS = (
					"$(inherited)",
					"@executable_path/Frameworks",
				);
				MARKETING_VERSION = 1.0;
				PRODUCT_BUNDLE_IDENTIFIER = com.berkaysancar.Shopping;
				PRODUCT_NAME = "$(TARGET_NAME)";
				SUPPORTED_PLATFORMS = "iphoneos iphonesimulator";
				SUPPORTS_MACCATALYST = NO;
				SUPPORTS_MAC_DESIGNED_FOR_IPHONE_IPAD = NO;
				SUPPORTS_XR_DESIGNED_FOR_IPHONE_IPAD = NO;
				SWIFT_EMIT_LOC_STRINGS = YES;
				SWIFT_VERSION = 5.0;
				TARGETED_DEVICE_FAMILY = "1,2";
			};
			name = Debug;
		};
		B103D83B2C542BE7000FA048 /* Release */ = {
			isa = XCBuildConfiguration;
			buildSettings = {
				ASSETCATALOG_COMPILER_APPICON_NAME = AppIcon;
				ASSETCATALOG_COMPILER_GLOBAL_ACCENT_COLOR_NAME = AccentColor;
				CODE_SIGN_STYLE = Automatic;
				CURRENT_PROJECT_VERSION = 1;
				DEVELOPMENT_ASSET_PATHS = "\"Shopping/Preview Content\"";
				DEVELOPMENT_TEAM = QQ4V82589Y;
				ENABLE_PREVIEWS = YES;
				GENERATE_INFOPLIST_FILE = YES;
				INFOPLIST_KEY_UIApplicationSceneManifest_Generation = YES;
				INFOPLIST_KEY_UIApplicationSupportsIndirectInputEvents = YES;
				INFOPLIST_KEY_UILaunchScreen_Generation = YES;
				INFOPLIST_KEY_UISupportedInterfaceOrientations_iPad = "UIInterfaceOrientationPortrait UIInterfaceOrientationPortraitUpsideDown UIInterfaceOrientationLandscapeLeft UIInterfaceOrientationLandscapeRight";
				INFOPLIST_KEY_UISupportedInterfaceOrientations_iPhone = "UIInterfaceOrientationPortrait UIInterfaceOrientationLandscapeLeft UIInterfaceOrientationLandscapeRight";
				IPHONEOS_DEPLOYMENT_TARGET = 16.0;
				LD_RUNPATH_SEARCH_PATHS = (
					"$(inherited)",
					"@executable_path/Frameworks",
				);
				MARKETING_VERSION = 1.0;
				PRODUCT_BUNDLE_IDENTIFIER = com.berkaysancar.Shopping;
				PRODUCT_NAME = "$(TARGET_NAME)";
				SUPPORTED_PLATFORMS = "iphoneos iphonesimulator";
				SUPPORTS_MACCATALYST = NO;
				SUPPORTS_MAC_DESIGNED_FOR_IPHONE_IPAD = NO;
				SUPPORTS_XR_DESIGNED_FOR_IPHONE_IPAD = NO;
				SWIFT_EMIT_LOC_STRINGS = YES;
				SWIFT_VERSION = 5.0;
				TARGETED_DEVICE_FAMILY = "1,2";
			};
			name = Release;
		};
		B103D83D2C542BE7000FA048 /* Debug */ = {
			isa = XCBuildConfiguration;
			buildSettings = {
				ALWAYS_EMBED_SWIFT_STANDARD_LIBRARIES = YES;
				BUNDLE_LOADER = "$(TEST_HOST)";
				CODE_SIGN_STYLE = Automatic;
				CURRENT_PROJECT_VERSION = 1;
				DEVELOPMENT_TEAM = QQ4V82589Y;
				GENERATE_INFOPLIST_FILE = YES;
				IPHONEOS_DEPLOYMENT_TARGET = 17.5;
				MARKETING_VERSION = 1.0;
				PRODUCT_BUNDLE_IDENTIFIER = com.berkaysancar.ShoppingTests;
				PRODUCT_NAME = "$(TARGET_NAME)";
				SWIFT_EMIT_LOC_STRINGS = NO;
				SWIFT_VERSION = 5.0;
				TARGETED_DEVICE_FAMILY = "1,2";
				TEST_HOST = "$(BUILT_PRODUCTS_DIR)/Shopping.app/$(BUNDLE_EXECUTABLE_FOLDER_PATH)/Shopping";
			};
			name = Debug;
		};
		B103D83E2C542BE7000FA048 /* Release */ = {
			isa = XCBuildConfiguration;
			buildSettings = {
				ALWAYS_EMBED_SWIFT_STANDARD_LIBRARIES = YES;
				BUNDLE_LOADER = "$(TEST_HOST)";
				CODE_SIGN_STYLE = Automatic;
				CURRENT_PROJECT_VERSION = 1;
				DEVELOPMENT_TEAM = QQ4V82589Y;
				GENERATE_INFOPLIST_FILE = YES;
				IPHONEOS_DEPLOYMENT_TARGET = 17.5;
				MARKETING_VERSION = 1.0;
				PRODUCT_BUNDLE_IDENTIFIER = com.berkaysancar.ShoppingTests;
				PRODUCT_NAME = "$(TARGET_NAME)";
				SWIFT_EMIT_LOC_STRINGS = NO;
				SWIFT_VERSION = 5.0;
				TARGETED_DEVICE_FAMILY = "1,2";
				TEST_HOST = "$(BUILT_PRODUCTS_DIR)/Shopping.app/$(BUNDLE_EXECUTABLE_FOLDER_PATH)/Shopping";
			};
			name = Release;
		};
		B103D8402C542BE7000FA048 /* Debug */ = {
			isa = XCBuildConfiguration;
			buildSettings = {
				ALWAYS_EMBED_SWIFT_STANDARD_LIBRARIES = YES;
				CODE_SIGN_STYLE = Automatic;
				CURRENT_PROJECT_VERSION = 1;
				DEVELOPMENT_TEAM = QQ4V82589Y;
				GENERATE_INFOPLIST_FILE = YES;
				MARKETING_VERSION = 1.0;
				PRODUCT_BUNDLE_IDENTIFIER = com.berkaysancar.ShoppingUITests;
				PRODUCT_NAME = "$(TARGET_NAME)";
				SWIFT_EMIT_LOC_STRINGS = NO;
				SWIFT_VERSION = 5.0;
				TARGETED_DEVICE_FAMILY = "1,2";
				TEST_TARGET_NAME = Shopping;
			};
			name = Debug;
		};
		B103D8412C542BE7000FA048 /* Release */ = {
			isa = XCBuildConfiguration;
			buildSettings = {
				ALWAYS_EMBED_SWIFT_STANDARD_LIBRARIES = YES;
				CODE_SIGN_STYLE = Automatic;
				CURRENT_PROJECT_VERSION = 1;
				DEVELOPMENT_TEAM = QQ4V82589Y;
				GENERATE_INFOPLIST_FILE = YES;
				MARKETING_VERSION = 1.0;
				PRODUCT_BUNDLE_IDENTIFIER = com.berkaysancar.ShoppingUITests;
				PRODUCT_NAME = "$(TARGET_NAME)";
				SWIFT_EMIT_LOC_STRINGS = NO;
				SWIFT_VERSION = 5.0;
				TARGETED_DEVICE_FAMILY = "1,2";
				TEST_TARGET_NAME = Shopping;
			};
			name = Release;
		};
/* End XCBuildConfiguration section */

/* Begin XCConfigurationList section */
		B103D8102C542BE6000FA048 /* Build configuration list for PBXProject "Shopping" */ = {
			isa = XCConfigurationList;
			buildConfigurations = (
				B103D8372C542BE7000FA048 /* Debug */,
				B103D8382C542BE7000FA048 /* Release */,
			);
			defaultConfigurationIsVisible = 0;
			defaultConfigurationName = Release;
		};
		B103D8392C542BE7000FA048 /* Build configuration list for PBXNativeTarget "Shopping" */ = {
			isa = XCConfigurationList;
			buildConfigurations = (
				B103D83A2C542BE7000FA048 /* Debug */,
				B103D83B2C542BE7000FA048 /* Release */,
			);
			defaultConfigurationIsVisible = 0;
			defaultConfigurationName = Release;
		};
		B103D83C2C542BE7000FA048 /* Build configuration list for PBXNativeTarget "ShoppingTests" */ = {
			isa = XCConfigurationList;
			buildConfigurations = (
				B103D83D2C542BE7000FA048 /* Debug */,
				B103D83E2C542BE7000FA048 /* Release */,
			);
			defaultConfigurationIsVisible = 0;
			defaultConfigurationName = Release;
		};
		B103D83F2C542BE7000FA048 /* Build configuration list for PBXNativeTarget "ShoppingUITests" */ = {
			isa = XCConfigurationList;
			buildConfigurations = (
				B103D8402C542BE7000FA048 /* Debug */,
				B103D8412C542BE7000FA048 /* Release */,
			);
			defaultConfigurationIsVisible = 0;
			defaultConfigurationName = Release;
		};
/* End XCConfigurationList section */
	};
	rootObject = B103D80D2C542BE6000FA048 /* Project object */;
}
